
Microsoft Visual Studio Solution File, Format Version 12.00
# Visual Studio Version 17
VisualStudioVersion = 17.10.35027.167
MinimumVisualStudioVersion = 10.0.40219.1
Project("{FAE04EC0-301F-11D3-BF4B-00C04F79EFBC}") = "Parte_1_Arreglo_Unidimensional", "Parte_1_Arreglo_Unidimensional\Parte_1_Arreglo_Unidimensional.csproj", "{355E1192-6EDD-472A-ADB9-0A3B8863C060}"
EndProject
Global
	GlobalSection(SolutionConfigurationPlatforms) = preSolution
		Debug|Any CPU = Debug|Any CPU
		Release|Any CPU = Release|Any CPU
	EndGlobalSection
	GlobalSection(ProjectConfigurationPlatforms) = postSolution
		{355E1192-6EDD-472A-ADB9-0A3B8863C060}.Debug|Any CPU.ActiveCfg = Debug|Any CPU
		{355E1192-6EDD-472A-ADB9-0A3B8863C060}.Debug|Any CPU.Build.0 = Debug|Any CPU
		{355E1192-6EDD-472A-ADB9-0A3B8863C060}.Release|Any CPU.ActiveCfg = Release|Any CPU
		{355E1192-6EDD-472A-ADB9-0A3B8863C060}.Release|Any CPU.Build.0 = Release|Any CPU
	EndGlobalSection
	GlobalSection(SolutionProperties) = preSolution
		HideSolutionNode = FALSE
	EndGlobalSection
	GlobalSection(ExtensibilityGlobals) = postSolution
		SolutionGuid = {469D2D97-7D10-46F0-9B50-34BC4F0EA2FA}
	EndGlobalSection
EndGlobal
